
Microsoft Visual Studio Solution File, Format Version 12.00
# Visual Studio Version 17
VisualStudioVersion = 17.4.33213.308
MinimumVisualStudioVersion = 10.0.40219.1
Project("{FAE04EC0-301F-11D3-BF4B-00C04F79EFBC}") = "Mysql", "Mysql.csproj", "{71EC53B7-0B44-43DF-BB49-808C807670CE}"
EndProject
Global
	GlobalSection(SolutionConfigurationPlatforms) = preSolution
		Debug|Any CPU = Debug|Any CPU
		Release|Any CPU = Release|Any CPU
	EndGlobalSection
	GlobalSection(ProjectConfigurationPlatforms) = postSolution
		{71EC53B7-0B44-43DF-BB49-808C807670CE}.Debug|Any CPU.ActiveCfg = Debug|Any CPU
		{71EC53B7-0B44-43DF-BB49-808C807670CE}.Debug|Any CPU.Build.0 = Debug|Any CPU
		{71EC53B7-0B44-43DF-BB49-808C807670CE}.Release|Any CPU.ActiveCfg = Release|Any CPU
		{71EC53B7-0B44-43DF-BB49-808C807670CE}.Release|Any CPU.Build.0 = Release|Any CPU
	EndGlobalSection
	GlobalSection(SolutionProperties) = preSolution
		HideSolutionNode = FALSE
	EndGlobalSection
	GlobalSection(ExtensibilityGlobals) = postSolution
		SolutionGuid = {84EB6D73-EABF-4FF6-9E6F-2F263F3929E3}
	EndGlobalSection
EndGlobal
